
Microsoft Visual Studio Solution File, Format Version 12.00
# Visual Studio Version 17
VisualStudioVersion = 17.0.31903.59
MinimumVisualStudioVersion = 10.0.40219.1
Project("{FAE04EC0-301F-11D3-BF4B-00C04F79EFBC}") = "Neonex.Console", "Neonex.Console\Neonex.Console.csproj", "{C2F37811-59CC-416B-B419-281E3B59075E}"
EndProject
Project("{FAE04EC0-301F-11D3-BF4B-00C04F79EFBC}") = "Neonex.Test", "Neonex.Test\Neonex.Test.csproj", "{B6DEAB68-A343-47BB-BF20-6C38050BB015}"
EndProject
Global
	GlobalSection(SolutionConfigurationPlatforms) = preSolution
		Debug|Any CPU = Debug|Any CPU
		Release|Any CPU = Release|Any CPU
	EndGlobalSection
	GlobalSection(SolutionProperties) = preSolution
		HideSolutionNode = FALSE
	EndGlobalSection
	GlobalSection(ProjectConfigurationPlatforms) = postSolution
		{C2F37811-59CC-416B-B419-281E3B59075E}.Debug|Any CPU.ActiveCfg = Debug|Any CPU
		{C2F37811-59CC-416B-B419-281E3B59075E}.Debug|Any CPU.Build.0 = Debug|Any CPU
		{C2F37811-59CC-416B-B419-281E3B59075E}.Release|Any CPU.ActiveCfg = Release|Any CPU
		{C2F37811-59CC-416B-B419-281E3B59075E}.Release|Any CPU.Build.0 = Release|Any CPU
		{B6DEAB68-A343-47BB-BF20-6C38050BB015}.Debug|Any CPU.ActiveCfg = Debug|Any CPU
		{B6DEAB68-A343-47BB-BF20-6C38050BB015}.Debug|Any CPU.Build.0 = Debug|Any CPU
		{B6DEAB68-A343-47BB-BF20-6C38050BB015}.Release|Any CPU.ActiveCfg = Release|Any CPU
		{B6DEAB68-A343-47BB-BF20-6C38050BB015}.Release|Any CPU.Build.0 = Release|Any CPU
	EndGlobalSection
EndGlobal
